
Microsoft Visual Studio Solution File, Format Version 12.00
# Visual Studio 15
VisualStudioVersion = 15.0.28010.2050
MinimumVisualStudioVersion = 10.0.40219.1
Project("{FAE04EC0-301F-11D3-BF4B-00C04F79EFBC}") = "IrfProject_ko64zx", "IrfProject_ko64zx\IrfProject_ko64zx.csproj", "{6FABAE4A-5154-4C8E-A441-F2CCDA118BF2}"
EndProject
Global
	GlobalSection(SolutionConfigurationPlatforms) = preSolution
		Debug|Any CPU = Debug|Any CPU
		Release|Any CPU = Release|Any CPU
	EndGlobalSection
	GlobalSection(ProjectConfigurationPlatforms) = postSolution
		{6FABAE4A-5154-4C8E-A441-F2CCDA118BF2}.Debug|Any CPU.ActiveCfg = Debug|Any CPU
		{6FABAE4A-5154-4C8E-A441-F2CCDA118BF2}.Debug|Any CPU.Build.0 = Debug|Any CPU
		{6FABAE4A-5154-4C8E-A441-F2CCDA118BF2}.Release|Any CPU.ActiveCfg = Release|Any CPU
		{6FABAE4A-5154-4C8E-A441-F2CCDA118BF2}.Release|Any CPU.Build.0 = Release|Any CPU
	EndGlobalSection
	GlobalSection(SolutionProperties) = preSolution
		HideSolutionNode = FALSE
	EndGlobalSection
	GlobalSection(ExtensibilityGlobals) = postSolution
		SolutionGuid = {A8D92998-DFCB-4396-B673-9D00821E1707}
	EndGlobalSection
EndGlobal
